
Microsoft Visual Studio Solution File, Format Version 12.00
# Visual Studio Version 17
VisualStudioVersion = 17.10.35013.160
MinimumVisualStudioVersion = 10.0.40219.1
Project("{FAE04EC0-301F-11D3-BF4B-00C04F79EFBC}") = "Test3", "Test3\Test3.csproj", "{CDD75765-4310-4B9E-9BFA-BAC0461BE27F}"
EndProject
Global
	GlobalSection(SolutionConfigurationPlatforms) = preSolution
		Debug|Any CPU = Debug|Any CPU
		Release|Any CPU = Release|Any CPU
	EndGlobalSection
	GlobalSection(ProjectConfigurationPlatforms) = postSolution
		{CDD75765-4310-4B9E-9BFA-BAC0461BE27F}.Debug|Any CPU.ActiveCfg = Debug|Any CPU
		{CDD75765-4310-4B9E-9BFA-BAC0461BE27F}.Debug|Any CPU.Build.0 = Debug|Any CPU
		{CDD75765-4310-4B9E-9BFA-BAC0461BE27F}.Release|Any CPU.ActiveCfg = Release|Any CPU
		{CDD75765-4310-4B9E-9BFA-BAC0461BE27F}.Release|Any CPU.Build.0 = Release|Any CPU
	EndGlobalSection
	GlobalSection(SolutionProperties) = preSolution
		HideSolutionNode = FALSE
	EndGlobalSection
	GlobalSection(ExtensibilityGlobals) = postSolution
		SolutionGuid = {5085FBF8-0678-4754-9D78-F919291EF7BD}
	EndGlobalSection
EndGlobal
